
Microsoft Visual Studio Solution File, Format Version 12.00
# Visual Studio Version 17
VisualStudioVersion = 17.3.32922.545
MinimumVisualStudioVersion = 10.0.40219.1
Project("{FAE04EC0-301F-11D3-BF4B-00C04F79EFBC}") = "20.101_pleshkov_3", "20.101-pleshkov_3\20.101_pleshkov_3.csproj", "{3A5338A6-C526-4038-B731-A0EA4438D296}"
EndProject
Global
	GlobalSection(SolutionConfigurationPlatforms) = preSolution
		Debug|Any CPU = Debug|Any CPU
		Release|Any CPU = Release|Any CPU
	EndGlobalSection
	GlobalSection(ProjectConfigurationPlatforms) = postSolution
		{3A5338A6-C526-4038-B731-A0EA4438D296}.Debug|Any CPU.ActiveCfg = Debug|Any CPU
		{3A5338A6-C526-4038-B731-A0EA4438D296}.Debug|Any CPU.Build.0 = Debug|Any CPU
		{3A5338A6-C526-4038-B731-A0EA4438D296}.Release|Any CPU.ActiveCfg = Release|Any CPU
		{3A5338A6-C526-4038-B731-A0EA4438D296}.Release|Any CPU.Build.0 = Release|Any CPU
	EndGlobalSection
	GlobalSection(SolutionProperties) = preSolution
		HideSolutionNode = FALSE
	EndGlobalSection
	GlobalSection(ExtensibilityGlobals) = postSolution
		SolutionGuid = {6E5D6541-7003-40CD-84CC-C4336EC7A78C}
	EndGlobalSection
EndGlobal
